
Microsoft Visual Studio Solution File, Format Version 12.00
# Visual Studio Version 17
VisualStudioVersion = 17.10.35013.160
MinimumVisualStudioVersion = 10.0.40219.1
Project("{FAE04EC0-301F-11D3-BF4B-00C04F79EFBC}") = "StaffManagementSystem.Server", "StaffManagementSystem\StaffManagementSystem.Server\StaffManagementSystem.Server.csproj", "{F44F4A8D-A0FB-4D7A-A8B2-AE4FE6BB580C}"
EndProject
Project("{54A90642-561A-4BB1-A94E-469ADEE60C69}") = "staffmanagementsystem.client", "StaffManagementSystem\staffmanagementsystem.client\staffmanagementsystem.client.esproj", "{D739FFBB-8DFF-4215-94A2-C79A656F8732}"
EndProject
Global
	GlobalSection(SolutionConfigurationPlatforms) = preSolution
		Debug|Any CPU = Debug|Any CPU
		Release|Any CPU = Release|Any CPU
	EndGlobalSection
	GlobalSection(ProjectConfigurationPlatforms) = postSolution
		{F44F4A8D-A0FB-4D7A-A8B2-AE4FE6BB580C}.Debug|Any CPU.ActiveCfg = Debug|Any CPU
		{F44F4A8D-A0FB-4D7A-A8B2-AE4FE6BB580C}.Debug|Any CPU.Build.0 = Debug|Any CPU
		{F44F4A8D-A0FB-4D7A-A8B2-AE4FE6BB580C}.Release|Any CPU.ActiveCfg = Release|Any CPU
		{F44F4A8D-A0FB-4D7A-A8B2-AE4FE6BB580C}.Release|Any CPU.Build.0 = Release|Any CPU
		{D739FFBB-8DFF-4215-94A2-C79A656F8732}.Debug|Any CPU.ActiveCfg = Debug|Any CPU
		{D739FFBB-8DFF-4215-94A2-C79A656F8732}.Debug|Any CPU.Build.0 = Debug|Any CPU
		{D739FFBB-8DFF-4215-94A2-C79A656F8732}.Debug|Any CPU.Deploy.0 = Debug|Any CPU
		{D739FFBB-8DFF-4215-94A2-C79A656F8732}.Release|Any CPU.ActiveCfg = Release|Any CPU
		{D739FFBB-8DFF-4215-94A2-C79A656F8732}.Release|Any CPU.Build.0 = Release|Any CPU
		{D739FFBB-8DFF-4215-94A2-C79A656F8732}.Release|Any CPU.Deploy.0 = Release|Any CPU
	EndGlobalSection
	GlobalSection(SolutionProperties) = preSolution
		HideSolutionNode = FALSE
	EndGlobalSection
	GlobalSection(ExtensibilityGlobals) = postSolution
		SolutionGuid = {80BD9E5D-C6C9-4A53-873B-B5952B754669}
	EndGlobalSection
EndGlobal
